
Microsoft Visual Studio Solution File, Format Version 12.00
# Visual Studio Version 16
VisualStudioVersion = 16.0.30717.126
MinimumVisualStudioVersion = 10.0.40219.1
Project("{FAE04EC0-301F-11D3-BF4B-00C04F79EFBC}") = "MikolajRarokZad1", "MikolajRarokZad1.csproj", "{5D1FE553-5F2C-4B57-A3E6-4CB92356061E}"
EndProject
Global
	GlobalSection(SolutionConfigurationPlatforms) = preSolution
		Debug|Any CPU = Debug|Any CPU
		Release|Any CPU = Release|Any CPU
	EndGlobalSection
	GlobalSection(ProjectConfigurationPlatforms) = postSolution
		{5D1FE553-5F2C-4B57-A3E6-4CB92356061E}.Debug|Any CPU.ActiveCfg = Debug|Any CPU
		{5D1FE553-5F2C-4B57-A3E6-4CB92356061E}.Debug|Any CPU.Build.0 = Debug|Any CPU
		{5D1FE553-5F2C-4B57-A3E6-4CB92356061E}.Release|Any CPU.ActiveCfg = Release|Any CPU
		{5D1FE553-5F2C-4B57-A3E6-4CB92356061E}.Release|Any CPU.Build.0 = Release|Any CPU
	EndGlobalSection
	GlobalSection(SolutionProperties) = preSolution
		HideSolutionNode = FALSE
	EndGlobalSection
	GlobalSection(ExtensibilityGlobals) = postSolution
		SolutionGuid = {9AB692ED-6E85-4A5F-8286-9241D21EAD6E}
	EndGlobalSection
EndGlobal
