
Microsoft Visual Studio Solution File, Format Version 12.00
# Visual Studio Version 16
VisualStudioVersion = 16.0.30717.126
MinimumVisualStudioVersion = 10.0.40219.1
Project("{F184B08F-C81C-45F6-A57F-5ABD9991F28F}") = "MikołajRarokZad5", "MikołajRarokZad5.vbproj", "{45B4F0A1-1FCE-40C2-8257-3BCB7F30BC45}"
EndProject
Global
	GlobalSection(SolutionConfigurationPlatforms) = preSolution
		Debug|Any CPU = Debug|Any CPU
		Release|Any CPU = Release|Any CPU
	EndGlobalSection
	GlobalSection(ProjectConfigurationPlatforms) = postSolution
		{45B4F0A1-1FCE-40C2-8257-3BCB7F30BC45}.Debug|Any CPU.ActiveCfg = Debug|Any CPU
		{45B4F0A1-1FCE-40C2-8257-3BCB7F30BC45}.Debug|Any CPU.Build.0 = Debug|Any CPU
		{45B4F0A1-1FCE-40C2-8257-3BCB7F30BC45}.Release|Any CPU.ActiveCfg = Release|Any CPU
		{45B4F0A1-1FCE-40C2-8257-3BCB7F30BC45}.Release|Any CPU.Build.0 = Release|Any CPU
	EndGlobalSection
	GlobalSection(SolutionProperties) = preSolution
		HideSolutionNode = FALSE
	EndGlobalSection
	GlobalSection(ExtensibilityGlobals) = postSolution
		SolutionGuid = {00446819-FE4E-46FA-ADFD-E20AE62C5606}
	EndGlobalSection
EndGlobal
